// !$*UTF8*$!
{
	archiveVersion = 1;
	classes = {
	};
	objectVersion = 46;
	objects = {

/* Begin PBXBuildFile section */
		04349F7F1E792B5D00224956 /* AppDelegate.swift in Sources */ = {isa = PBXBuildFile; fileRef = 04349F7E1E792B5D00224956 /* AppDelegate.swift */; };
		04349F841E792B5D00224956 /* Main.storyboard in Resources */ = {isa = PBXBuildFile; fileRef = 04349F821E792B5D00224956 /* Main.storyboard */; };
		04349F871E792B5D00224956 /* swift_____.xcdatamodeld in Sources */ = {isa = PBXBuildFile; fileRef = 04349F851E792B5D00224956 /* swift_____.xcdatamodeld */; };
		04349F891E792B5D00224956 /* Assets.xcassets in Resources */ = {isa = PBXBuildFile; fileRef = 04349F881E792B5D00224956 /* Assets.xcassets */; };
		04349F8C1E792B5D00224956 /* LaunchScreen.storyboard in Resources */ = {isa = PBXBuildFile; fileRef = 04349F8A1E792B5D00224956 /* LaunchScreen.storyboard */; };
		04349F971E792B5D00224956 /* swift_____Tests.swift in Sources */ = {isa = PBXBuildFile; fileRef = 04349F961E792B5D00224956 /* swift_____Tests.swift */; };
		04349FA21E792B5D00224956 /* swift_____UITests.swift in Sources */ = {isa = PBXBuildFile; fileRef = 04349FA11E792B5D00224956 /* swift_____UITests.swift */; };
		04349FB01E792E8D00224956 /* ListTableViewController.swift in Sources */ = {isa = PBXBuildFile; fileRef = 04349FAF1E792E8D00224956 /* ListTableViewController.swift */; };
		04349FB21E792EB700224956 /* DetailViewTableViewController.swift in Sources */ = {isa = PBXBuildFile; fileRef = 04349FB11E792EB700224956 /* DetailViewTableViewController.swift */; };
		04349FB41E792F8400224956 /* Person.swift in Sources */ = {isa = PBXBuildFile; fileRef = 04349FB31E792F8400224956 /* Person.swift */; };
/* End PBXBuildFile section */

/* Begin PBXContainerItemProxy section */
		04349F931E792B5D00224956 /* PBXContainerItemProxy */ = {
			isa = PBXContainerItemProxy;
			containerPortal = 04349F731E792B5C00224956 /* Project object */;
			proxyType = 1;
			remoteGlobalIDString = 04349F7A1E792B5D00224956;
			remoteInfo = "swift私人通讯录";
		};
		04349F9E1E792B5D00224956 /* PBXContainerItemProxy */ = {
			isa = PBXContainerItemProxy;
			containerPortal = 04349F731E792B5C00224956 /* Project object */;
			proxyType = 1;
			remoteGlobalIDString = 04349F7A1E792B5D00224956;
			remoteInfo = "swift私人通讯录";
		};
/* End PBXContainerItemProxy section */

/* Begin PBXFileReference section */
		04349F7B1E792B5D00224956 /* swift私人通讯录.app */ = {isa = PBXFileReference; explicitFileType = wrapper.application; includeInIndex = 0; path = "swift私人通讯录.app"; sourceTree = BUILT_PRODUCTS_DIR; };
		04349F7E1E792B5D00224956 /* AppDelegate.swift */ = {isa = PBXFileReference; lastKnownFileType = sourcecode.swift; path = AppDelegate.swift; sourceTree = "<group>"; };
		04349F831E792B5D00224956 /* Base */ = {isa = PBXFileReference; lastKnownFileType = file.storyboard; name = Base; path = Base.lproj/Main.storyboard; sourceTree = "<group>"; };
		04349F861E792B5D00224956 /* swift_____.xcdatamodel */ = {isa = PBXFileReference; lastKnownFileType = wrapper.xcdatamodel; path = "swift_____.xcdatamodel"; sourceTree = "<group>"; };
		04349F881E792B5D00224956 /* Assets.xcassets */ = {isa = PBXFileReference; lastKnownFileType = folder.assetcatalog; path = Assets.xcassets; sourceTree = "<group>"; };
		04349F8B1E792B5D00224956 /* Base */ = {isa = PBXFileReference; lastKnownFileType = file.storyboard; name = Base; path = Base.lproj/LaunchScreen.storyboard; sourceTree = "<group>"; };
		04349F8D1E792B5D00224956 /* Info.plist */ = {isa = PBXFileReference; lastKnownFileType = text.plist.xml; path = Info.plist; sourceTree = "<group>"; };
		04349F921E792B5D00224956 /* swift私人通讯录Tests.xctest */ = {isa = PBXFileReference; explicitFileType = wrapper.cfbundle; includeInIndex = 0; path = "swift私人通讯录Tests.xctest"; sourceTree = BUILT_PRODUCTS_DIR; };
		04349F961E792B5D00224956 /* swift_____Tests.swift */ = {isa = PBXFileReference; lastKnownFileType = sourcecode.swift; path = "swift_____Tests.swift"; sourceTree = "<group>"; };
		04349F981E792B5D00224956 /* Info.plist */ = {isa = PBXFileReference; lastKnownFileType = text.plist.xml; path = Info.plist; sourceTree = "<group>"; };
		04349F9D1E792B5D00224956 /* swift私人通讯录UITests.xctest */ = {isa = PBXFileReference; explicitFileType = wrapper.cfbundle; includeInIndex = 0; path = "swift私人通讯录UITests.xctest"; sourceTree = BUILT_PRODUCTS_DIR; };
		04349FA11E792B5D00224956 /* swift_____UITests.swift */ = {isa = PBXFileReference; lastKnownFileType = sourcecode.swift; path = "swift_____UITests.swift"; sourceTree = "<group>"; };
		04349FA31E792B5D00224956 /* Info.plist */ = {isa = PBXFileReference; lastKnownFileType = text.plist.xml; path = Info.plist; sourceTree = "<group>"; };
		04349FAF1E792E8D00224956 /* ListTableViewController.swift */ = {isa = PBXFileReference; fileEncoding = 4; lastKnownFileType = sourcecode.swift; path = ListTableViewController.swift; sourceTree = "<group>"; };
		04349FB11E792EB700224956 /* DetailViewTableViewController.swift */ = {isa = PBXFileReference; fileEncoding = 4; lastKnownFileType = sourcecode.swift; path = DetailViewTableViewController.swift; sourceTree = "<group>"; };
		04349FB31E792F8400224956 /* Person.swift */ = {isa = PBXFileReference; fileEncoding = 4; lastKnownFileType = sourcecode.swift; path = Person.swift; sourceTree = "<group>"; };
/* End PBXFileReference section */

/* Begin PBXFrameworksBuildPhase section */
		04349F781E792B5D00224956 /* Frameworks */ = {
			isa = PBXFrameworksBuildPhase;
			buildActionMask = 2147483647;
			files = (
			);
			runOnlyForDeploymentPostprocessing = 0;
		};
		04349F8F1E792B5D00224956 /* Frameworks */ = {
			isa = PBXFrameworksBuildPhase;
			buildActionMask = 2147483647;
			files = (
			);
			runOnlyForDeploymentPostprocessing = 0;
		};
		04349F9A1E792B5D00224956 /* Frameworks */ = {
			isa = PBXFrameworksBuildPhase;
			buildActionMask = 2147483647;
			files = (
			);
			runOnlyForDeploymentPostprocessing = 0;
		};
/* End PBXFrameworksBuildPhase section */

/* Begin PBXGroup section */
		04349F721E792B5C00224956 = {
			isa = PBXGroup;
			children = (
				04349F7D1E792B5D00224956 /* swift私人通讯录 */,
				04349F951E792B5D00224956 /* swift私人通讯录Tests */,
				04349FA01E792B5D00224956 /* swift私人通讯录UITests */,
				04349F7C1E792B5D00224956 /* Products */,
			);
			sourceTree = "<group>";
		};
		04349F7C1E792B5D00224956 /* Products */ = {
			isa = PBXGroup;
			children = (
				04349F7B1E792B5D00224956 /* swift私人通讯录.app */,
				04349F921E792B5D00224956 /* swift私人通讯录Tests.xctest */,
				04349F9D1E792B5D00224956 /* swift私人通讯录UITests.xctest */,
			);
			name = Products;
			sourceTree = "<group>";
		};
		04349F7D1E792B5D00224956 /* swift私人通讯录 */ = {
			isa = PBXGroup;
			children = (
				04349F7E1E792B5D00224956 /* AppDelegate.swift */,
				04349FAF1E792E8D00224956 /* ListTableViewController.swift */,
				04349FB11E792EB700224956 /* DetailViewTableViewController.swift */,
				04349F821E792B5D00224956 /* Main.storyboard */,
				04349F881E792B5D00224956 /* Assets.xcassets */,
				04349F8A1E792B5D00224956 /* LaunchScreen.storyboard */,
				04349F8D1E792B5D00224956 /* Info.plist */,
				04349F851E792B5D00224956 /* swift_____.xcdatamodeld */,
				04349FB31E792F8400224956 /* Person.swift */,
			);
			path = "swift私人通讯录";
			sourceTree = "<group>";
		};
		04349F951E792B5D00224956 /* swift私人通讯录Tests */ = {
			isa = PBXGroup;
			children = (
				04349F961E792B5D00224956 /* swift_____Tests.swift */,
				04349F981E792B5D00224956 /* Info.plist */,
			);
			path = "swift私人通讯录Tests";
			sourceTree = "<group>";
		};
		04349FA01E792B5D00224956 /* swift私人通讯录UITests */ = {
			isa = PBXGroup;
			children = (
				04349FA11E792B5D00224956 /* swift_____UITests.swift */,
				04349FA31E792B5D00224956 /* Info.plist */,
			);
			path = "swift私人通讯录UITests";
			sourceTree = "<group>";
		};
/* End PBXGroup section */

/* Begin PBXNativeTarget section */
		04349F7A1E792B5D00224956 /* swift私人通讯录 */ = {
			isa = PBXNativeTarget;
			buildConfigurationList = 04349FA61E792B5D00224956 /* Build configuration list for PBXNativeTarget "swift私人通讯录" */;
			buildPhases = (
				04349F771E792B5D00224956 /* Sources */,
				04349F781E792B5D00224956 /* Frameworks */,
				04349F791E792B5D00224956 /* Resources */,
			);
			buildRules = (
			);
			dependencies = (
			);
			name = "swift私人通讯录";
			productName = "swift私人通讯录";
			productReference = 04349F7B1E792B5D00224956 /* swift私人通讯录.app */;
			productType = "com.apple.product-type.application";
		};
		04349F911E792B5D00224956 /* swift私人通讯录Tests */ = {
			isa = PBXNativeTarget;
			buildConfigurationList = 04349FA91E792B5D00224956 /* Build configuration list for PBXNativeTarget "swift私人通讯录Tests" */;
			buildPhases = (
				04349F8E1E792B5D00224956 /* Sources */,
				04349F8F1E792B5D00224956 /* Frameworks */,
				04349F901E792B5D00224956 /* Resources */,
			);
			buildRules = (
			);
			dependencies = (
				04349F941E792B5D00224956 /* PBXTargetDependency */,
			);
			name = "swift私人通讯录Tests";
			productName = "swift私人通讯录Tests";
			productReference = 04349F921E792B5D00224956 /* swift私人通讯录Tests.xctest */;
			productType = "com.apple.product-type.bundle.unit-test";
		};
		04349F9C1E792B5D00224956 /* swift私人通讯录UITests */ = {
			isa = PBXNativeTarget;
			buildConfigurationList = 04349FAC1E792B5D00224956 /* Build configuration list for PBXNativeTarget "swift私人通讯录UITests" */;
			buildPhases = (
				04349F991E792B5D00224956 /* Sources */,
				04349F9A1E792B5D00224956 /* Frameworks */,
				04349F9B1E792B5D00224956 /* Resources */,
			);
			buildRules = (
			);
			dependencies = (
				04349F9F1E792B5D00224956 /* PBXTargetDependency */,
			);
			name = "swift私人通讯录UITests";
			productName = "swift私人通讯录UITests";
			productReference = 04349F9D1E792B5D00224956 /* swift私人通讯录UITests.xctest */;
			productType = "com.apple.product-type.bundle.ui-testing";
		};
/* End PBXNativeTarget section */

/* Begin PBXProject section */
		04349F731E792B5C00224956 /* Project object */ = {
			isa = PBXProject;
			attributes = {
				LastSwiftUpdateCheck = 0800;
				LastUpgradeCheck = 0800;
				ORGANIZATIONNAME = LiHongYu;
				TargetAttributes = {
					04349F7A1E792B5D00224956 = {
						CreatedOnToolsVersion = 8.0;
						DevelopmentTeam = 77UD393KBV;
						ProvisioningStyle = Automatic;
					};
					04349F911E792B5D00224956 = {
						CreatedOnToolsVersion = 8.0;
						DevelopmentTeam = 77UD393KBV;
						ProvisioningStyle = Automatic;
						TestTargetID = 04349F7A1E792B5D00224956;
					};
					04349F9C1E792B5D00224956 = {
						CreatedOnToolsVersion = 8.0;
						DevelopmentTeam = 77UD393KBV;
						ProvisioningStyle = Automatic;
						TestTargetID = 04349F7A1E792B5D00224956;
					};
				};
			};
			buildConfigurationList = 04349F761E792B5C00224956 /* Build configuration list for PBXProject "swift私人通讯录" */;
			compatibilityVersion = "Xcode 3.2";
			developmentRegion = English;
			hasScannedForEncodings = 0;
			knownRegions = (
				en,
				Base,
			);
			mainGroup = 04349F721E792B5C00224956;
			productRefGroup = 04349F7C1E792B5D00224956 /* Products */;
			projectDirPath = "";
			projectRoot = "";
			targets = (
				04349F7A1E792B5D00224956 /* swift私人通讯录 */,
				04349F911E792B5D00224956 /* swift私人通讯录Tests */,
				04349F9C1E792B5D00224956 /* swift私人通讯录UITests */,
			);
		};
/* End PBXProject section */

/* Begin PBXResourcesBuildPhase section */
		04349F791E792B5D00224956 /* Resources */ = {
			isa = PBXResourcesBuildPhase;
			buildActionMask = 2147483647;
			files = (
				04349F8C1E792B5D00224956 /* LaunchScreen.storyboard in Resources */,
				04349F891E792B5D00224956 /* Assets.xcassets in Resources */,
				04349F841E792B5D00224956 /* Main.storyboard in Resources */,
			);
			runOnlyForDeploymentPostprocessing = 0;
		};
		04349F901E792B5D00224956 /* Resources */ = {
			isa = PBXResourcesBuildPhase;
			buildActionMask = 2147483647;
			files = (
			);
			runOnlyForDeploymentPostprocessing = 0;
		};
		04349F9B1E792B5D00224956 /* Resources */ = {
			isa = PBXResourcesBuildPhase;
			buildActionMask = 2147483647;
			files = (
			);
			runOnlyForDeploymentPostprocessing = 0;
		};
/* End PBXResourcesBuildPhase section */

/* Begin PBXSourcesBuildPhase section */
		04349F771E792B5D00224956 /* Sources */ = {
			isa = PBXSourcesBuildPhase;
			buildActionMask = 2147483647;
			files = (
				04349FB41E792F8400224956 /* Person.swift in Sources */,
				04349F7F1E792B5D00224956 /* AppDelegate.swift in Sources */,
				04349F871E792B5D00224956 /* swift_____.xcdatamodeld in Sources */,
				04349FB01E792E8D00224956 /* ListTableViewController.swift in Sources */,
				04349FB21E792EB700224956 /* DetailViewTableViewController.swift in Sources */,
			);
			runOnlyForDeploymentPostprocessing = 0;
		};
		04349F8E1E792B5D00224956 /* Sources */ = {
			isa = PBXSourcesBuildPhase;
			buildActionMask = 2147483647;
			files = (
				04349F971E792B5D00224956 /* swift_____Tests.swift in Sources */,
			);
			runOnlyForDeploymentPostprocessing = 0;
		};
		04349F991E792B5D00224956 /* Sources */ = {
			isa = PBXSourcesBuildPhase;
			buildActionMask = 2147483647;
			files = (
				04349FA21E792B5D00224956 /* swift_____UITests.swift in Sources */,
			);
			runOnlyForDeploymentPostprocessing = 0;
		};
/* End PBXSourcesBuildPhase section */

/* Begin PBXTargetDependency section */
		04349F941E792B5D00224956 /* PBXTargetDependency */ = {
			isa = PBXTargetDependency;
			target = 04349F7A1E792B5D00224956 /* swift私人通讯录 */;
			targetProxy = 04349F931E792B5D00224956 /* PBXContainerItemProxy */;
		};
		04349F9F1E792B5D00224956 /* PBXTargetDependency */ = {
			isa = PBXTargetDependency;
			target = 04349F7A1E792B5D00224956 /* swift私人通讯录 */;
			targetProxy = 04349F9E1E792B5D00224956 /* PBXContainerItemProxy */;
		};
/* End PBXTargetDependency section */

/* Begin PBXVariantGroup section */
		04349F821E792B5D00224956 /* Main.storyboard */ = {
			isa = PBXVariantGroup;
			children = (
				04349F831E792B5D00224956 /* Base */,
			);
			name = Main.storyboard;
			sourceTree = "<group>";
		};
		04349F8A1E792B5D00224956 /* LaunchScreen.storyboard */ = {
			isa = PBXVariantGroup;
			children = (
				04349F8B1E792B5D00224956 /* Base */,
			);
			name = LaunchScreen.storyboard;
			sourceTree = "<group>";
		};
/* End PBXVariantGroup section */

/* Begin XCBuildConfiguration section */
		04349FA41E792B5D00224956 /* Debug */ = {
			isa = XCBuildConfiguration;
			buildSettings = {
				ALWAYS_SEARCH_USER_PATHS = NO;
				CLANG_ANALYZER_NONNULL = YES;
				CLANG_CXX_LANGUAGE_STANDARD = "gnu++0x";
				CLANG_CXX_LIBRARY = "libc++";
				CLANG_ENABLE_MODULES = YES;
				CLANG_ENABLE_OBJC_ARC = YES;
				CLANG_WARN_BOOL_CONVERSION = YES;
				CLANG_WARN_CONSTANT_CONVERSION = YES;
				CLANG_WARN_DIRECT_OBJC_ISA_USAGE = YES_ERROR;
				CLANG_WARN_DOCUMENTATION_COMMENTS = YES;
				CLANG_WARN_EMPTY_BODY = YES;
				CLANG_WARN_ENUM_CONVERSION = YES;
				CLANG_WARN_INFINITE_RECURSION = YES;
				CLANG_WARN_INT_CONVERSION = YES;
				CLANG_WARN_OBJC_ROOT_CLASS = YES_ERROR;
				CLANG_WARN_SUSPICIOUS_MOVES = YES;
				CLANG_WARN_UNREACHABLE_CODE = YES;
				CLANG_WARN__DUPLICATE_METHOD_MATCH = YES;
				"CODE_SIGN_IDENTITY[sdk=iphoneos*]" = "iPhone Developer";
				COPY_PHASE_STRIP = NO;
				DEBUG_INFORMATION_FORMAT = dwarf;
				ENABLE_STRICT_OBJC_MSGSEND = YES;
				ENABLE_TESTABILITY = YES;
				GCC_C_LANGUAGE_STANDARD = gnu99;
				GCC_DYNAMIC_NO_PIC = NO;
				GCC_NO_COMMON_BLOCKS = YES;
				GCC_OPTIMIZATION_LEVEL = 0;
				GCC_PREPROCESSOR_DEFINITIONS = (
					"DEBUG=1",
					"$(inherited)",
				);
				GCC_WARN_64_TO_32_BIT_CONVERSION = YES;
				GCC_WARN_ABOUT_RETURN_TYPE = YES_ERROR;
				GCC_WARN_UNDECLARED_SELECTOR = YES;
				GCC_WARN_UNINITIALIZED_AUTOS = YES_AGGRESSIVE;
				GCC_WARN_UNUSED_FUNCTION = YES;
				GCC_WARN_UNUSED_VARIABLE = YES;
				IPHONEOS_DEPLOYMENT_TARGET = 10.0;
				MTL_ENABLE_DEBUG_INFO = YES;
				ONLY_ACTIVE_ARCH = YES;
				SDKROOT = iphoneos;
				SWIFT_ACTIVE_COMPILATION_CONDITIONS = DEBUG;
				SWIFT_OPTIMIZATION_LEVEL = "-Onone";
			};
			name = Debug;
		};
		04349FA51E792B5D00224956 /* Release */ = {
			isa = XCBuildConfiguration;
			buildSettings = {
				ALWAYS_SEARCH_USER_PATHS = NO;
				CLANG_ANALYZER_NONNULL = YES;
				CLANG_CXX_LANGUAGE_STANDARD = "gnu++0x";
				CLANG_CXX_LIBRARY = "libc++";
				CLANG_ENABLE_MODULES = YES;
				CLANG_ENABLE_OBJC_ARC = YES;
				CLANG_WARN_BOOL_CONVERSION = YES;
				CLANG_WARN_CONSTANT_CONVERSION = YES;
				CLANG_WARN_DIRECT_OBJC_ISA_USAGE = YES_ERROR;
				CLANG_WARN_DOCUMENTATION_COMMENTS = YES;
				CLANG_WARN_EMPTY_BODY = YES;
				CLANG_WARN_ENUM_CONVERSION = YES;
				CLANG_WARN_INFINITE_RECURSION = YES;
				CLANG_WARN_INT_CONVERSION = YES;
				CLANG_WARN_OBJC_ROOT_CLASS = YES_ERROR;
				CLANG_WARN_SUSPICIOUS_MOVES = YES;
				CLANG_WARN_UNREACHABLE_CODE = YES;
				CLANG_WARN__DUPLICATE_METHOD_MATCH = YES;
				"CODE_SIGN_IDENTITY[sdk=iphoneos*]" = "iPhone Developer";
				COPY_PHASE_STRIP = NO;
				DEBUG_INFORMATION_FORMAT = "dwarf-with-dsym";
				ENABLE_NS_ASSERTIONS = NO;
				ENABLE_STRICT_OBJC_MSGSEND = YES;
				GCC_C_LANGUAGE_STANDARD = gnu99;
				GCC_NO_COMMON_BLOCKS = YES;
				GCC_WARN_64_TO_32_BIT_CONVERSION = YES;
				GCC_WARN_ABOUT_RETURN_TYPE = YES_ERROR;
				GCC_WARN_UNDECLARED_SELECTOR = YES;
				GCC_WARN_UNINITIALIZED_AUTOS = YES_AGGRESSIVE;
				GCC_WARN_UNUSED_FUNCTION = YES;
				GCC_WARN_UNUSED_VARIABLE = YES;
				IPHONEOS_DEPLOYMENT_TARGET = 10.0;
				MTL_ENABLE_DEBUG_INFO = NO;
				SDKROOT = iphoneos;
				SWIFT_OPTIMIZATION_LEVEL = "-Owholemodule";
				VALIDATE_PRODUCT = YES;
			};
			name = Release;
		};
		04349FA71E792B5D00224956 /* Debug */ = {
			isa = XCBuildConfiguration;
			buildSettings = {
				ASSETCATALOG_COMPILER_APPICON_NAME = AppIcon;
				DEVELOPMENT_TEAM = 77UD393KBV;
				INFOPLIST_FILE = "swift私人通讯录/Info.plist";
				LD_RUNPATH_SEARCH_PATHS = "$(inherited) @executable_path/Frameworks";
				PRODUCT_BUNDLE_IDENTIFIER = "Hy.swift-----";
				PRODUCT_NAME = "$(TARGET_NAME)";
				SWIFT_VERSION = 3.0;
			};
			name = Debug;
		};
		04349FA81E792B5D00224956 /* Release */ = {
			isa = XCBuildConfiguration;
			buildSettings = {
				ASSETCATALOG_COMPILER_APPICON_NAME = AppIcon;
				DEVELOPMENT_TEAM = 77UD393KBV;
				INFOPLIST_FILE = "swift私人通讯录/Info.plist";
				LD_RUNPATH_SEARCH_PATHS = "$(inherited) @executable_path/Frameworks";
				PRODUCT_BUNDLE_IDENTIFIER = "Hy.swift-----";
				PRODUCT_NAME = "$(TARGET_NAME)";
				SWIFT_VERSION = 3.0;
			};
			name = Release;
		};
		04349FAA1E792B5D00224956 /* Debug */ = {
			isa = XCBuildConfiguration;
			buildSettings = {
				ALWAYS_EMBED_SWIFT_STANDARD_LIBRARIES = YES;
				BUNDLE_LOADER = "$(TEST_HOST)";
				DEVELOPMENT_TEAM = 77UD393KBV;
				INFOPLIST_FILE = "swift私人通讯录Tests/Info.plist";
				LD_RUNPATH_SEARCH_PATHS = "$(inherited) @executable_path/Frameworks @loader_path/Frameworks";
				PRODUCT_BUNDLE_IDENTIFIER = "Hy.swift-----Tests";
				PRODUCT_NAME = "$(TARGET_NAME)";
				SWIFT_VERSION = 3.0;
				TEST_HOST = "$(BUILT_PRODUCTS_DIR)/swift私人通讯录.app/swift私人通讯录";
			};
			name = Debug;
		};
		04349FAB1E792B5D00224956 /* Release */ = {
			isa = XCBuildConfiguration;
			buildSettings = {
				ALWAYS_EMBED_SWIFT_STANDARD_LIBRARIES = YES;
				BUNDLE_LOADER = "$(TEST_HOST)";
				DEVELOPMENT_TEAM = 77UD393KBV;
				INFOPLIST_FILE = "swift私人通讯录Tests/Info.plist";
				LD_RUNPATH_SEARCH_PATHS = "$(inherited) @executable_path/Frameworks @loader_path/Frameworks";
				PRODUCT_BUNDLE_IDENTIFIER = "Hy.swift-----Tests";
				PRODUCT_NAME = "$(TARGET_NAME)";
				SWIFT_VERSION = 3.0;
				TEST_HOST = "$(BUILT_PRODUCTS_DIR)/swift私人通讯录.app/swift私人通讯录";
			};
			name = Release;
		};
		04349FAD1E792B5D00224956 /* Debug */ = {
			isa = XCBuildConfiguration;
			buildSettings = {
				ALWAYS_EMBED_SWIFT_STANDARD_LIBRARIES = YES;
				DEVELOPMENT_TEAM = 77UD393KBV;
				INFOPLIST_FILE = "swift私人通讯录UITests/Info.plist";
				LD_RUNPATH_SEARCH_PATHS = "$(inherited) @executable_path/Frameworks @loader_path/Frameworks";
				PRODUCT_BUNDLE_IDENTIFIER = "Hy.swift-----UITests";
				PRODUCT_NAME = "$(TARGET_NAME)";
				SWIFT_VERSION = 3.0;
				TEST_TARGET_NAME = "swift私人通讯录";
			};
			name = Debug;
		};
		04349FAE1E792B5D00224956 /* Release */ = {
			isa = XCBuildConfiguration;
			buildSettings = {
				ALWAYS_EMBED_SWIFT_STANDARD_LIBRARIES = YES;
				DEVELOPMENT_TEAM = 77UD393KBV;
				INFOPLIST_FILE = "swift私人通讯录UITests/Info.plist";
				LD_RUNPATH_SEARCH_PATHS = "$(inherited) @executable_path/Frameworks @loader_path/Frameworks";
				PRODUCT_BUNDLE_IDENTIFIER = "Hy.swift-----UITests";
				PRODUCT_NAME = "$(TARGET_NAME)";
				SWIFT_VERSION = 3.0;
				TEST_TARGET_NAME = "swift私人通讯录";
			};
			name = Release;
		};
/* End XCBuildConfiguration section */

/* Begin XCConfigurationList section */
		04349F761E792B5C00224956 /* Build configuration list for PBXProject "swift私人通讯录" */ = {
			isa = XCConfigurationList;
			buildConfigurations = (
				04349FA41E792B5D00224956 /* Debug */,
				04349FA51E792B5D00224956 /* Release */,
			);
			defaultConfigurationIsVisible = 0;
			defaultConfigurationName = Release;
		};
		04349FA61E792B5D00224956 /* Build configuration list for PBXNativeTarget "swift私人通讯录" */ = {
			isa = XCConfigurationList;
			buildConfigurations = (
				04349FA71E792B5D00224956 /* Debug */,
				04349FA81E792B5D00224956 /* Release */,
			);
			defaultConfigurationIsVisible = 0;
		};
		04349FA91E792B5D00224956 /* Build configuration list for PBXNativeTarget "swift私人通讯录Tests" */ = {
			isa = XCConfigurationList;
			buildConfigurations = (
				04349FAA1E792B5D00224956 /* Debug */,
				04349FAB1E792B5D00224956 /* Release */,
			);
			defaultConfigurationIsVisible = 0;
		};
		04349FAC1E792B5D00224956 /* Build configuration list for PBXNativeTarget "swift私人通讯录UITests" */ = {
			isa = XCConfigurationList;
			buildConfigurations = (
				04349FAD1E792B5D00224956 /* Debug */,
				04349FAE1E792B5D00224956 /* Release */,
			);
			defaultConfigurationIsVisible = 0;
		};
/* End XCConfigurationList section */

/* Begin XCVersionGroup section */
		04349F851E792B5D00224956 /* swift_____.xcdatamodeld */ = {
			isa = XCVersionGroup;
			children = (
				04349F861E792B5D00224956 /* swift_____.xcdatamodel */,
			);
			currentVersion = 04349F861E792B5D00224956 /* swift_____.xcdatamodel */;
			path = "swift_____.xcdatamodeld";
			sourceTree = "<group>";
			versionGroupType = wrapper.xcdatamodel;
		};
/* End XCVersionGroup section */
	};
	rootObject = 04349F731E792B5C00224956 /* Project object */;
}
